
Microsoft Visual Studio Solution File, Format Version 12.00
# Visual Studio 15
VisualStudioVersion = 15.0.27130.0
MinimumVisualStudioVersion = 10.0.40219.1
Project("{FAE04EC0-301F-11D3-BF4B-00C04F79EFBC}") = "Livraria Api", "Livraria Api\Livraria Api.csproj", "{001BD5AC-35F3-4B2B-92EC-82A9D76D7353}"
EndProject
Project("{FAE04EC0-301F-11D3-BF4B-00C04F79EFBC}") = "LivrariaApiRepo", "LivrariaApiRepo\LivrariaApiRepo.csproj", "{22D8D0C7-2611-4741-B4C6-974FF260EC0E}"
EndProject
Project("{FAE04EC0-301F-11D3-BF4B-00C04F79EFBC}") = "LivrariaApiModel", "LivrariaApiModel\LivrariaApiModel.csproj", "{DE8553AC-84B6-498F-9D90-FBA01BB753AC}"
EndProject
Project("{FAE04EC0-301F-11D3-BF4B-00C04F79EFBC}") = "LivrariaApiTest", "LivrariaApiTest\LivrariaApiTest.csproj", "{103A7034-81B9-466F-9D51-3FE67900DBF5}"
EndProject
Project("{FAE04EC0-301F-11D3-BF4B-00C04F79EFBC}") = "LivrariaApiServices", "LivrariaApiIntegracoes\LivrariaApiServices.csproj", "{0C821FB0-EE32-4BA2-A0CE-60E287AACC86}"
EndProject
Global
	GlobalSection(SolutionConfigurationPlatforms) = preSolution
		Debug|Any CPU = Debug|Any CPU
		Release|Any CPU = Release|Any CPU
	EndGlobalSection
	GlobalSection(ProjectConfigurationPlatforms) = postSolution
		{001BD5AC-35F3-4B2B-92EC-82A9D76D7353}.Debug|Any CPU.ActiveCfg = Debug|Any CPU
		{001BD5AC-35F3-4B2B-92EC-82A9D76D7353}.Debug|Any CPU.Build.0 = Debug|Any CPU
		{001BD5AC-35F3-4B2B-92EC-82A9D76D7353}.Release|Any CPU.ActiveCfg = Release|Any CPU
		{001BD5AC-35F3-4B2B-92EC-82A9D76D7353}.Release|Any CPU.Build.0 = Release|Any CPU
		{22D8D0C7-2611-4741-B4C6-974FF260EC0E}.Debug|Any CPU.ActiveCfg = Debug|Any CPU
		{22D8D0C7-2611-4741-B4C6-974FF260EC0E}.Debug|Any CPU.Build.0 = Debug|Any CPU
		{22D8D0C7-2611-4741-B4C6-974FF260EC0E}.Release|Any CPU.ActiveCfg = Release|Any CPU
		{22D8D0C7-2611-4741-B4C6-974FF260EC0E}.Release|Any CPU.Build.0 = Release|Any CPU
		{DE8553AC-84B6-498F-9D90-FBA01BB753AC}.Debug|Any CPU.ActiveCfg = Debug|Any CPU
		{DE8553AC-84B6-498F-9D90-FBA01BB753AC}.Debug|Any CPU.Build.0 = Debug|Any CPU
		{DE8553AC-84B6-498F-9D90-FBA01BB753AC}.Release|Any CPU.ActiveCfg = Release|Any CPU
		{DE8553AC-84B6-498F-9D90-FBA01BB753AC}.Release|Any CPU.Build.0 = Release|Any CPU
		{103A7034-81B9-466F-9D51-3FE67900DBF5}.Debug|Any CPU.ActiveCfg = Debug|Any CPU
		{103A7034-81B9-466F-9D51-3FE67900DBF5}.Debug|Any CPU.Build.0 = Debug|Any CPU
		{103A7034-81B9-466F-9D51-3FE67900DBF5}.Release|Any CPU.ActiveCfg = Release|Any CPU
		{103A7034-81B9-466F-9D51-3FE67900DBF5}.Release|Any CPU.Build.0 = Release|Any CPU
		{0C821FB0-EE32-4BA2-A0CE-60E287AACC86}.Debug|Any CPU.ActiveCfg = Debug|Any CPU
		{0C821FB0-EE32-4BA2-A0CE-60E287AACC86}.Debug|Any CPU.Build.0 = Debug|Any CPU
		{0C821FB0-EE32-4BA2-A0CE-60E287AACC86}.Release|Any CPU.ActiveCfg = Release|Any CPU
		{0C821FB0-EE32-4BA2-A0CE-60E287AACC86}.Release|Any CPU.Build.0 = Release|Any CPU
	EndGlobalSection
	GlobalSection(SolutionProperties) = preSolution
		HideSolutionNode = FALSE
	EndGlobalSection
	GlobalSection(ExtensibilityGlobals) = postSolution
		SolutionGuid = {E81BADFD-1A64-4BDA-B285-A3570BE9DD3D}
	EndGlobalSection
EndGlobal
